// !$*UTF8*$!
{
	archiveVersion = 1;
	classes = {
	};
	objectVersion = 46;
	objects = {

/* Begin PBXBuildFile section */
		A6190A281DE8E2690023F24E /* AppDelegate.swift in Sources */ = {isa = PBXBuildFile; fileRef = A6190A271DE8E2690023F24E /* AppDelegate.swift */; };
		A6190A2A1DE8E2690023F24E /* ViewController.swift in Sources */ = {isa = PBXBuildFile; fileRef = A6190A291DE8E2690023F24E /* ViewController.swift */; };
		A6190A2D1DE8E2690023F24E /* Main.storyboard in Resources */ = {isa = PBXBuildFile; fileRef = A6190A2B1DE8E2690023F24E /* Main.storyboard */; };
		A6190A2F1DE8E2690023F24E /* Assets.xcassets in Resources */ = {isa = PBXBuildFile; fileRef = A6190A2E1DE8E2690023F24E /* Assets.xcassets */; };
		A6190A321DE8E2690023F24E /* LaunchScreen.storyboard in Resources */ = {isa = PBXBuildFile; fileRef = A6190A301DE8E2690023F24E /* LaunchScreen.storyboard */; };
/* End PBXBuildFile section */

/* Begin PBXFileReference section */
		A6190A241DE8E2690023F24E /* NotYet.app */ = {isa = PBXFileReference; explicitFileType = wrapper.application; includeInIndex = 0; path = NotYet.app; sourceTree = BUILT_PRODUCTS_DIR; };
		A6190A271DE8E2690023F24E /* AppDelegate.swift */ = {isa = PBXFileReference; lastKnownFileType = sourcecode.swift; path = AppDelegate.swift; sourceTree = "<group>"; };
		A6190A291DE8E2690023F24E /* ViewController.swift */ = {isa = PBXFileReference; lastKnownFileType = sourcecode.swift; path = ViewController.swift; sourceTree = "<group>"; };
		A6190A2C1DE8E2690023F24E /* Base */ = {isa = PBXFileReference; lastKnownFileType = file.storyboard; name = Base; path = Base.lproj/Main.storyboard; sourceTree = "<group>"; };
		A6190A2E1DE8E2690023F24E /* Assets.xcassets */ = {isa = PBXFileReference; lastKnownFileType = folder.assetcatalog; path = Assets.xcassets; sourceTree = "<group>"; };
		A6190A311DE8E2690023F24E /* Base */ = {isa = PBXFileReference; lastKnownFileType = file.storyboard; name = Base; path = Base.lproj/LaunchScreen.storyboard; sourceTree = "<group>"; };
		A6190A331DE8E2690023F24E /* Info.plist */ = {isa = PBXFileReference; lastKnownFileType = text.plist.xml; path = Info.plist; sourceTree = "<group>"; };
/* End PBXFileReference section */

/* Begin PBXFrameworksBuildPhase section */
		A6190A211DE8E2690023F24E /* Frameworks */ = {
			isa = PBXFrameworksBuildPhase;
			buildActionMask = 2147483647;
			files = (
			);
			runOnlyForDeploymentPostprocessing = 0;
		};
/* End PBXFrameworksBuildPhase section */

/* Begin PBXGroup section */
		A6190A1B1DE8E2690023F24E = {
			isa = PBXGroup;
			children = (
				A6190A261DE8E2690023F24E /* NotYet */,
				A6190A251DE8E2690023F24E /* Products */,
			);
			sourceTree = "<group>";
		};
		A6190A251DE8E2690023F24E /* Products */ = {
			isa = PBXGroup;
			children = (
				A6190A241DE8E2690023F24E /* NotYet.app */,
			);
			name = Products;
			sourceTree = "<group>";
		};
		A6190A261DE8E2690023F24E /* NotYet */ = {
			isa = PBXGroup;
			children = (
				A6190A271DE8E2690023F24E /* AppDelegate.swift */,
				A6190A291DE8E2690023F24E /* ViewController.swift */,
				A6190A2B1DE8E2690023F24E /* Main.storyboard */,
				A6190A2E1DE8E2690023F24E /* Assets.xcassets */,
				A6190A301DE8E2690023F24E /* LaunchScreen.storyboard */,
				A6190A331DE8E2690023F24E /* Info.plist */,
			);
			path = NotYet;
			sourceTree = "<group>";
		};
/* End PBXGroup section */

/* Begin PBXNativeTarget section */
		A6190A231DE8E2690023F24E /* NotYet */ = {
			isa = PBXNativeTarget;
			buildConfigurationList = A6190A361DE8E2690023F24E /* Build configuration list for PBXNativeTarget "NotYet" */;
			buildPhases = (
				A6190A201DE8E2690023F24E /* Sources */,
				A6190A211DE8E2690023F24E /* Frameworks */,
				A6190A221DE8E2690023F24E /* Resources */,
			);
			buildRules = (
			);
			dependencies = (
			);
			name = NotYet;
			productName = NotYet;
			productReference = A6190A241DE8E2690023F24E /* NotYet.app */;
			productType = "com.apple.product-type.application";
		};
/* End PBXNativeTarget section */

/* Begin PBXProject section */
		A6190A1C1DE8E2690023F24E /* Project object */ = {
			isa = PBXProject;
			attributes = {
				LastSwiftUpdateCheck = 0810;
				LastUpgradeCheck = 0810;
				ORGANIZATIONNAME = "Niklas Riekenbrauck";
				TargetAttributes = {
					A6190A231DE8E2690023F24E = {
						CreatedOnToolsVersion = 8.1;
						ProvisioningStyle = Automatic;
					};
				};
			};
			buildConfigurationList = A6190A1F1DE8E2690023F24E /* Build configuration list for PBXProject "NotYet" */;
			compatibilityVersion = "Xcode 3.2";
			developmentRegion = English;
			hasScannedForEncodings = 0;
			knownRegions = (
				en,
				Base,
			);
			mainGroup = A6190A1B1DE8E2690023F24E;
			productRefGroup = A6190A251DE8E2690023F24E /* Products */;
			projectDirPath = "";
			projectRoot = "";
			targets = (
				A6190A231DE8E2690023F24E /* NotYet */,
			);
		};
/* End PBXProject section */

/* Begin PBXResourcesBuildPhase section */
		A6190A221DE8E2690023F24E /* Resources */ = {
			isa = PBXResourcesBuildPhase;
			buildActionMask = 2147483647;
			files = (
				A6190A321DE8E2690023F24E /* LaunchScreen.storyboard in Resources */,
				A6190A2F1DE8E2690023F24E /* Assets.xcassets in Resources */,
				A6190A2D1DE8E2690023F24E /* Main.storyboard in Resources */,
			);
			runOnlyForDeploymentPostprocessing = 0;
		};
/* End PBXResourcesBuildPhase section */

/* Begin PBXSourcesBuildPhase section */
		A6190A201DE8E2690023F24E /* Sources */ = {
			isa = PBXSourcesBuildPhase;
			buildActionMask = 2147483647;
			files = (
				A6190A2A1DE8E2690023F24E /* ViewController.swift in Sources */,
				A6190A281DE8E2690023F24E /* AppDelegate.swift in Sources */,
			);
			runOnlyForDeploymentPostprocessing = 0;
		};
/* End PBXSourcesBuildPhase section */

/* Begin PBXVariantGroup section */
		A6190A2B1DE8E2690023F24E /* Main.storyboard */ = {
			isa = PBXVariantGroup;
			children = (
				A6190A2C1DE8E2690023F24E /* Base */,
			);
			name = Main.storyboard;
			sourceTree = "<group>";
		};
		A6190A301DE8E2690023F24E /* LaunchScreen.storyboard */ = {
			isa = PBXVariantGroup;
			children = (
				A6190A311DE8E2690023F24E /* Base */,
			);
			name = LaunchScreen.storyboard;
			sourceTree = "<group>";
		};
/* End PBXVariantGroup section */

/* Begin XCBuildConfiguration section */
		A6190A341DE8E2690023F24E /* Debug */ = {
			isa = XCBuildConfiguration;
			buildSettings = {
				ALWAYS_SEARCH_USER_PATHS = NO;
				CLANG_ANALYZER_NONNULL = YES;
				CLANG_CXX_LANGUAGE_STANDARD = "gnu++0x";
				CLANG_CXX_LIBRARY = "libc++";
				CLANG_ENABLE_MODULES = YES;
				CLANG_ENABLE_OBJC_ARC = YES;
				CLANG_WARN_BOOL_CONVERSION = YES;
				CLANG_WARN_CONSTANT_CONVERSION = YES;
				CLANG_WARN_DIRECT_OBJC_ISA_USAGE = YES_ERROR;
				CLANG_WARN_DOCUMENTATION_COMMENTS = YES;
				CLANG_WARN_EMPTY_BODY = YES;
				CLANG_WARN_ENUM_CONVERSION = YES;
				CLANG_WARN_INFINITE_RECURSION = YES;
				CLANG_WARN_INT_CONVERSION = YES;
				CLANG_WARN_OBJC_ROOT_CLASS = YES_ERROR;
				CLANG_WARN_SUSPICIOUS_MOVES = YES;
				CLANG_WARN_UNREACHABLE_CODE = YES;
				CLANG_WARN__DUPLICATE_METHOD_MATCH = YES;
				"CODE_SIGN_IDENTITY[sdk=iphoneos*]" = "iPhone Developer";
				COPY_PHASE_STRIP = NO;
				DEBUG_INFORMATION_FORMAT = dwarf;
				ENABLE_STRICT_OBJC_MSGSEND = YES;
				ENABLE_TESTABILITY = YES;
				GCC_C_LANGUAGE_STANDARD = gnu99;
				GCC_DYNAMIC_NO_PIC = NO;
				GCC_NO_COMMON_BLOCKS = YES;
				GCC_OPTIMIZATION_LEVEL = 0;
				GCC_PREPROCESSOR_DEFINITIONS = (
					"DEBUG=1",
					"$(inherited)",
				);
				GCC_WARN_64_TO_32_BIT_CONVERSION = YES;
				GCC_WARN_ABOUT_RETURN_TYPE = YES_ERROR;
				GCC_WARN_UNDECLARED_SELECTOR = YES;
				GCC_WARN_UNINITIALIZED_AUTOS = YES_AGGRESSIVE;
				GCC_WARN_UNUSED_FUNCTION = YES;
				GCC_WARN_UNUSED_VARIABLE = YES;
				IPHONEOS_DEPLOYMENT_TARGET = 10.1;
				MTL_ENABLE_DEBUG_INFO = YES;
				ONLY_ACTIVE_ARCH = YES;
				SDKROOT = iphoneos;
				SWIFT_ACTIVE_COMPILATION_CONDITIONS = DEBUG;
				SWIFT_OPTIMIZATION_LEVEL = "-Onone";
			};
			name = Debug;
		};
		A6190A351DE8E2690023F24E /* Release */ = {
			isa = XCBuildConfiguration;
			buildSettings = {
				ALWAYS_SEARCH_USER_PATHS = NO;
				CLANG_ANALYZER_NONNULL = YES;
				CLANG_CXX_LANGUAGE_STANDARD = "gnu++0x";
				CLANG_CXX_LIBRARY = "libc++";
				CLANG_ENABLE_MODULES = YES;
				CLANG_ENABLE_OBJC_ARC = YES;
				CLANG_WARN_BOOL_CONVERSION = YES;
				CLANG_WARN_CONSTANT_CONVERSION = YES;
				CLANG_WARN_DIRECT_OBJC_ISA_USAGE = YES_ERROR;
				CLANG_WARN_DOCUMENTATION_COMMENTS = YES;
				CLANG_WARN_EMPTY_BODY = YES;
				CLANG_WARN_ENUM_CONVERSION = YES;
				CLANG_WARN_INFINITE_RECURSION = YES;
				CLANG_WARN_INT_CONVERSION = YES;
				CLANG_WARN_OBJC_ROOT_CLASS = YES_ERROR;
				CLANG_WARN_SUSPICIOUS_MOVES = YES;
				CLANG_WARN_UNREACHABLE_CODE = YES;
				CLANG_WARN__DUPLICATE_METHOD_MATCH = YES;
				"CODE_SIGN_IDENTITY[sdk=iphoneos*]" = "iPhone Developer";
				COPY_PHASE_STRIP = NO;
				DEBUG_INFORMATION_FORMAT = "dwarf-with-dsym";
				ENABLE_NS_ASSERTIONS = NO;
				ENABLE_STRICT_OBJC_MSGSEND = YES;
				GCC_C_LANGUAGE_STANDARD = gnu99;
				GCC_NO_COMMON_BLOCKS = YES;
				GCC_WARN_64_TO_32_BIT_CONVERSION = YES;
				GCC_WARN_ABOUT_RETURN_TYPE = YES_ERROR;
				GCC_WARN_UNDECLARED_SELECTOR = YES;
				GCC_WARN_UNINITIALIZED_AUTOS = YES_AGGRESSIVE;
				GCC_WARN_UNUSED_FUNCTION = YES;
				GCC_WARN_UNUSED_VARIABLE = YES;
				IPHONEOS_DEPLOYMENT_TARGET = 10.1;
				MTL_ENABLE_DEBUG_INFO = NO;
				SDKROOT = iphoneos;
				SWIFT_OPTIMIZATION_LEVEL = "-Owholemodule";
				VALIDATE_PRODUCT = YES;
			};
			name = Release;
		};
		A6190A371DE8E2690023F24E /* Debug */ = {
			isa = XCBuildConfiguration;
			buildSettings = {
				ASSETCATALOG_COMPILER_APPICON_NAME = AppIcon;
				INFOPLIST_FILE = NotYet/Info.plist;
				LD_RUNPATH_SEARCH_PATHS = "$(inherited) @executable_path/Frameworks";
				PRODUCT_BUNDLE_IDENTIFIER = de.nikriek.NotYet;
				PRODUCT_NAME = "$(TARGET_NAME)";
				SWIFT_VERSION = 3.0;
			};
			name = Debug;
		};
		A6190A381DE8E2690023F24E /* Release */ = {
			isa = XCBuildConfiguration;
			buildSettings = {
				ASSETCATALOG_COMPILER_APPICON_NAME = AppIcon;
				INFOPLIST_FILE = NotYet/Info.plist;
				LD_RUNPATH_SEARCH_PATHS = "$(inherited) @executable_path/Frameworks";
				PRODUCT_BUNDLE_IDENTIFIER = de.nikriek.NotYet;
				PRODUCT_NAME = "$(TARGET_NAME)";
				SWIFT_VERSION = 3.0;
			};
			name = Release;
		};
/* End XCBuildConfiguration section */

/* Begin XCConfigurationList section */
		A6190A1F1DE8E2690023F24E /* Build configuration list for PBXProject "NotYet" */ = {
			isa = XCConfigurationList;
			buildConfigurations = (
				A6190A341DE8E2690023F24E /* Debug */,
				A6190A351DE8E2690023F24E /* Release */,
			);
			defaultConfigurationIsVisible = 0;
			defaultConfigurationName = Release;
		};
		A6190A361DE8E2690023F24E /* Build configuration list for PBXNativeTarget "NotYet" */ = {
			isa = XCConfigurationList;
			buildConfigurations = (
				A6190A371DE8E2690023F24E /* Debug */,
				A6190A381DE8E2690023F24E /* Release */,
			);
			defaultConfigurationIsVisible = 0;
		};
/* End XCConfigurationList section */
	};
	rootObject = A6190A1C1DE8E2690023F24E /* Project object */;
}
